{
    "version": 3,
    "terraform_version": "0.11.2",
    "serial": 24,
    "lineage": "4e47c00e-f891-4c38-9fac-bb2b532dd423",
    "modules": [
        {
            "path": [
                "root"
            ],
            "outputs": {
                "billing_cycle": {
                    "sensitive": false,
                    "type": "list",
                    "value": [
                        "hourly",
                        "hourly"
                    ]
                },
                "created": {
                    "sensitive": false,
                    "type": "list",
                    "value": [
                        "2017-12-27T20:52:26Z",
                        "2017-12-29T04:47:29Z"
                    ]
                },
                "facility": {
                    "sensitive": false,
                    "type": "list",
                    "value": [
                        "ewr1",
                        "ewr1"
                    ]
                },
                "hostname": {
                    "sensitive": false,
                    "type": "list",
                    "value": [
                        "alexxnica-dev",
                        "alexxnica-dev"
                    ]
                },
                "network": {
                    "sensitive": false,
                    "type": "list",
                    "value": [
                        [
                            {
                                "address": "147.75.107.201",
                                "cidr": "31",
                                "family": "4",
                                "gateway": "147.75.107.200",
                                "public": "1"
                            },
                            {
                                "address": "2604:1380:0:bf00::1",
                                "cidr": "127",
                                "family": "6",
                                "gateway": "2604:1380:0:bf00::",
                                "public": "1"
                            },
                            {
                                "address": "10.99.118.1",
                                "cidr": "31",
                                "family": "4",
                                "gateway": "10.99.118.0",
                                "public": "0"
                            }
                        ],
                        [
                            {
                                "address": "147.75.72.131",
                                "cidr": "31",
                                "family": "4",
                                "gateway": "147.75.72.130",
                                "public": "1"
                            },
                            {
                                "address": "2604:1380:0:bf00::3",
                                "cidr": "127",
                                "family": "6",
                                "gateway": "2604:1380:0:bf00::2",
                                "public": "1"
                            },
                            {
                                "address": "10.99.118.3",
                                "cidr": "31",
                                "family": "4",
                                "gateway": "10.99.118.2",
                                "public": "0"
                            }
                        ]
                    ]
                },
                "operating_system": {
                    "sensitive": false,
                    "type": "list",
                    "value": [
                        "ubuntu_17_10",
                        "ubuntu_17_10"
                    ]
                },
                "plan": {
                    "sensitive": false,
                    "type": "list",
                    "value": [
                        "baremetal_0",
                        "baremetal_0"
                    ]
                },
                "spot_instance": {
                    "sensitive": false,
                    "type": "list",
                    "value": [
                        "true",
                        "true"
                    ]
                },
                "spot_price_max": {
                    "sensitive": false,
                    "type": "list",
                    "value": [
                        "0.01",
                        "0.01"
                    ]
                },
                "state": {
                    "sensitive": false,
                    "type": "list",
                    "value": [
                        "active",
                        "active"
                    ]
                },
                "updated": {
                    "sensitive": false,
                    "type": "list",
                    "value": [
                        "2017-12-28T22:46:04Z",
                        "2017-12-29T04:52:22Z"
                    ]
                }
            },
            "resources": {
                "packet_device.dev.0": {
                    "type": "packet_device",
                    "depends_on": [],
                    "primary": {
                        "id": "0fb75b53-a5f7-4109-857c-1f7f1a078a1d",
                        "attributes": {
                            "access_private_ipv4": "10.99.118.1",
                            "access_public_ipv4": "147.75.107.201",
                            "access_public_ipv6": "2604:1380:0:bf00::1",
                            "always_pxe": "false",
                            "billing_cycle": "hourly",
                            "created": "2017-12-27T20:52:26Z",
                            "facility": "ewr1",
                            "hostname": "alexxnica-dev",
                            "id": "0fb75b53-a5f7-4109-857c-1f7f1a078a1d",
                            "ipxe_script_url": "",
                            "locked": "false",
                            "network.#": "3",
                            "network.0.address": "147.75.107.201",
                            "network.0.cidr": "31",
                            "network.0.family": "4",
                            "network.0.gateway": "147.75.107.200",
                            "network.0.public": "true",
                            "network.1.address": "2604:1380:0:bf00::1",
                            "network.1.cidr": "127",
                            "network.1.family": "6",
                            "network.1.gateway": "2604:1380:0:bf00::",
                            "network.1.public": "true",
                            "network.2.address": "10.99.118.1",
                            "network.2.cidr": "31",
                            "network.2.family": "4",
                            "network.2.gateway": "10.99.118.0",
                            "network.2.public": "false",
                            "operating_system": "ubuntu_17_10",
                            "plan": "baremetal_0",
                            "project_id": "02631cef-3b10-4630-aac6-73e6083436a1",
                            "public_ipv4_subnet_size": "31",
                            "root_password": "",
                            "spot_instance": "true",
                            "spot_price_max": "0.01",
                            "state": "active",
                            "tags.#": "0",
                            "updated": "2017-12-28T22:46:04Z"
                        },
                        "meta": {},
                        "tainted": false
                    },
                    "deposed": [],
                    "provider": "provider.packet"
                },
                "packet_device.dev.1": {
                    "type": "packet_device",
                    "depends_on": [],
                    "primary": {
                        "id": "6e9c4fb9-88e5-4846-a734-04df8d42a45d",
                        "attributes": {
                            "access_private_ipv4": "10.99.118.3",
                            "access_public_ipv4": "147.75.72.131",
                            "access_public_ipv6": "2604:1380:0:bf00::3",
                            "always_pxe": "false",
                            "billing_cycle": "hourly",
                            "created": "2017-12-29T04:47:29Z",
                            "facility": "ewr1",
                            "hostname": "alexxnica-dev",
                            "id": "6e9c4fb9-88e5-4846-a734-04df8d42a45d",
                            "ipxe_script_url": "",
                            "locked": "false",
                            "network.#": "3",
                            "network.0.address": "147.75.72.131",
                            "network.0.cidr": "31",
                            "network.0.family": "4",
                            "network.0.gateway": "147.75.72.130",
                            "network.0.public": "true",
                            "network.1.address": "2604:1380:0:bf00::3",
                            "network.1.cidr": "127",
                            "network.1.family": "6",
                            "network.1.gateway": "2604:1380:0:bf00::2",
                            "network.1.public": "true",
                            "network.2.address": "10.99.118.3",
                            "network.2.cidr": "31",
                            "network.2.family": "4",
                            "network.2.gateway": "10.99.118.2",
                            "network.2.public": "false",
                            "operating_system": "ubuntu_17_10",
                            "plan": "baremetal_0",
                            "project_id": "02631cef-3b10-4630-aac6-73e6083436a1",
                            "public_ipv4_subnet_size": "31",
                            "root_password": "G\u003eb6pm_/8w",
                            "spot_instance": "true",
                            "spot_price_max": "0.01",
                            "state": "active",
                            "tags.#": "0",
                            "updated": "2017-12-29T04:52:22Z"
                        },
                        "meta": {},
                        "tainted": false
                    },
                    "deposed": [],
                    "provider": "provider.packet"
                }
            },
            "depends_on": []
        }
    ]
}
